
Microsoft Visual Studio Solution File, Format Version 12.00
# Visual Studio Version 17
VisualStudioVersion = 17.2.32602.215
MinimumVisualStudioVersion = 10.0.40219.1
Project("{FAE04EC0-301F-11D3-BF4B-00C04F79EFBC}") = "LanchesMac", "LanchesMac\LanchesMac.csproj", "{5AC8E14A-2F49-405F-B995-6BB5C273CDEF}"
EndProject
Global
	GlobalSection(SolutionConfigurationPlatforms) = preSolution
		Debug|Any CPU = Debug|Any CPU
		Release|Any CPU = Release|Any CPU
	EndGlobalSection
	GlobalSection(ProjectConfigurationPlatforms) = postSolution
		{5AC8E14A-2F49-405F-B995-6BB5C273CDEF}.Debug|Any CPU.ActiveCfg = Debug|Any CPU
		{5AC8E14A-2F49-405F-B995-6BB5C273CDEF}.Debug|Any CPU.Build.0 = Debug|Any CPU
		{5AC8E14A-2F49-405F-B995-6BB5C273CDEF}.Release|Any CPU.ActiveCfg = Release|Any CPU
		{5AC8E14A-2F49-405F-B995-6BB5C273CDEF}.Release|Any CPU.Build.0 = Release|Any CPU
	EndGlobalSection
	GlobalSection(SolutionProperties) = preSolution
		HideSolutionNode = FALSE
	EndGlobalSection
	GlobalSection(ExtensibilityGlobals) = postSolution
		SolutionGuid = {2ED467F4-4C50-4F37-BB9B-65DC555EA88C}
	EndGlobalSection
EndGlobal
